# This file was autogenerated by Stack.
# You should not edit this file by hand.
# For more information, please see the documentation at:
#   https://docs.haskellstack.org/en/stable/lock_files

packages:
- completed:
    hackage: http-client-0.7.8@sha256:ed76dcd7edec3aaebe012541ca0a52594405e9b21d69420d26c0223bc4d5dc82,5400
    pantry-tree:
      size: 2459
      sha256: 76613a317255d72133176fccb5f2da9228c36bccd9d587b8a2dd3e5a6491cd48
  original:
    hackage: http-client-0.7.8@sha256:ed76dcd7edec3aaebe012541ca0a52594405e9b21d69420d26c0223bc4d5dc82,5400
- completed:
    hackage: autodocodec-0.1.0.1@sha256:4951b61e366a8b082bb1ac8d0ee4b3c8e5a9616327e3752df5d3106f281cdae6,1578
    pantry-tree:
      size: 760
      sha256: d2aa8b7273960c05e4b39b1251267abd3c43143437b684a92f15453c0fbf572c
  original:
    hackage: autodocodec-0.1.0.1
- completed:
    hackage: validity-0.11.0.1@sha256:e660f9593cb7be9860a4b8f84c72ab1e2efbb01aa4d45bfffa0aa032212886a3,2602
    pantry-tree:
      size: 399
      sha256: 5af646ce3b107866a9a82c43ef3c0f9f1f9d84062f3757d30c86e77c0fb30112
  original:
    hackage: validity-0.11.0.1
snapshots:
- completed:
    size: 586103
    url: https://raw.githubusercontent.com/commercialhaskell/stackage-snapshots/master/lts/18/19.yaml
    sha256: 32716534fff554b7f90762130fdb985cabf29f157758934dd1c8f3892a646430
  original: lts-18.19
