# This file was autogenerated by Stack.
# You should not edit this file by hand.
# For more information, please see the documentation at:
#   https://docs.haskellstack.org/en/stable/lock_files

packages:
- completed:
    hackage: http-client-0.7.8@sha256:ed76dcd7edec3aaebe012541ca0a52594405e9b21d69420d26c0223bc4d5dc82,5400
    pantry-tree:
      size: 2459
      sha256: 76613a317255d72133176fccb5f2da9228c36bccd9d587b8a2dd3e5a6491cd48
  original:
    hackage: http-client-0.7.8@sha256:ed76dcd7edec3aaebe012541ca0a52594405e9b21d69420d26c0223bc4d5dc82,5400
- completed:
    hackage: autodocodec-0.2.0.1@sha256:6ef0693ef3c72c767af2ca9644267a95f8e79965c8f583b8c872da1e20665e89,1652
    pantry-tree:
      size: 761
      sha256: b21f9523507e2c41a9469fb24a4f0017588a31b81ae596da26468456ddcb6637
  original:
    hackage: autodocodec-0.2.0.1
snapshots:
- completed:
    size: 586103
    url: https://raw.githubusercontent.com/commercialhaskell/stackage-snapshots/master/lts/18/19.yaml
    sha256: 32716534fff554b7f90762130fdb985cabf29f157758934dd1c8f3892a646430
  original: lts-18.19
